
Microsoft Visual Studio Solution File, Format Version 12.00
# Visual Studio Version 17
VisualStudioVersion = 17.13.35806.99 d17.13
MinimumVisualStudioVersion = 10.0.40219.1
Project("{FAE04EC0-301F-11D3-BF4B-00C04F79EFBC}") = "WebApplication2", "WebApplication2\WebApplication2.csproj", "{F54B4DDC-1593-4479-A109-EE62F5C4A61E}"
EndProject
Global
	GlobalSection(SolutionConfigurationPlatforms) = preSolution
		Debug|Any CPU = Debug|Any CPU
		Release|Any CPU = Release|Any CPU
	EndGlobalSection
	GlobalSection(ProjectConfigurationPlatforms) = postSolution
		{F54B4DDC-1593-4479-A109-EE62F5C4A61E}.Debug|Any CPU.ActiveCfg = Debug|Any CPU
		{F54B4DDC-1593-4479-A109-EE62F5C4A61E}.Debug|Any CPU.Build.0 = Debug|Any CPU
		{F54B4DDC-1593-4479-A109-EE62F5C4A61E}.Release|Any CPU.ActiveCfg = Release|Any CPU
		{F54B4DDC-1593-4479-A109-EE62F5C4A61E}.Release|Any CPU.Build.0 = Release|Any CPU
	EndGlobalSection
	GlobalSection(SolutionProperties) = preSolution
		HideSolutionNode = FALSE
	EndGlobalSection
	GlobalSection(ExtensibilityGlobals) = postSolution
		SolutionGuid = {0C4F199F-742C-4088-97FD-2325542FA5B4}
	EndGlobalSection
EndGlobal
